// !$*UTF8*$!
{
	archiveVersion = 1;
	classes = {
	};
	objectVersion = 56;
	objects = {

/* Begin PBXBuildFile section */
		0B03C4272B02BA2600CD7FA7 /* AppDelegate.swift in Sources */ = {isa = PBXBuildFile; fileRef = 0B03C4262B02BA2600CD7FA7 /* AppDelegate.swift */; };
		0B03C4292B02BA2600CD7FA7 /* SceneDelegate.swift in Sources */ = {isa = PBXBuildFile; fileRef = 0B03C4282B02BA2600CD7FA7 /* SceneDelegate.swift */; };
		0B03C42B2B02BA2600CD7FA7 /* ViewController.swift in Sources */ = {isa = PBXBuildFile; fileRef = 0B03C42A2B02BA2600CD7FA7 /* ViewController.swift */; };
		0B03C42E2B02BA2600CD7FA7 /* Main.storyboard in Resources */ = {isa = PBXBuildFile; fileRef = 0B03C42C2B02BA2600CD7FA7 /* Main.storyboard */; };
		0B03C4302B02BA2800CD7FA7 /* Assets.xcassets in Resources */ = {isa = PBXBuildFile; fileRef = 0B03C42F2B02BA2800CD7FA7 /* Assets.xcassets */; };
		0B03C4332B02BA2800CD7FA7 /* LaunchScreen.storyboard in Resources */ = {isa = PBXBuildFile; fileRef = 0B03C4312B02BA2800CD7FA7 /* LaunchScreen.storyboard */; };
		0B03C43E2B02BA2800CD7FA7 /* IntroduceStudentTests.swift in Sources */ = {isa = PBXBuildFile; fileRef = 0B03C43D2B02BA2800CD7FA7 /* IntroduceStudentTests.swift */; };
		0B03C4482B02BA2800CD7FA7 /* IntroduceStudentUITests.swift in Sources */ = {isa = PBXBuildFile; fileRef = 0B03C4472B02BA2800CD7FA7 /* IntroduceStudentUITests.swift */; };
		0B03C44A2B02BA2800CD7FA7 /* IntroduceStudentUITestsLaunchTests.swift in Sources */ = {isa = PBXBuildFile; fileRef = 0B03C4492B02BA2800CD7FA7 /* IntroduceStudentUITestsLaunchTests.swift */; };
/* End PBXBuildFile section */

/* Begin PBXContainerItemProxy section */
		0B03C43A2B02BA2800CD7FA7 /* PBXContainerItemProxy */ = {
			isa = PBXContainerItemProxy;
			containerPortal = 0B03C41B2B02BA2600CD7FA7 /* Project object */;
			proxyType = 1;
			remoteGlobalIDString = 0B03C4222B02BA2600CD7FA7;
			remoteInfo = IntroduceStudent;
		};
		0B03C4442B02BA2800CD7FA7 /* PBXContainerItemProxy */ = {
			isa = PBXContainerItemProxy;
			containerPortal = 0B03C41B2B02BA2600CD7FA7 /* Project object */;
			proxyType = 1;
			remoteGlobalIDString = 0B03C4222B02BA2600CD7FA7;
			remoteInfo = IntroduceStudent;
		};
/* End PBXContainerItemProxy section */

/* Begin PBXFileReference section */
		0B03C4232B02BA2600CD7FA7 /* IntroduceStudent.app */ = {isa = PBXFileReference; explicitFileType = wrapper.application; includeInIndex = 0; path = IntroduceStudent.app; sourceTree = BUILT_PRODUCTS_DIR; };
		0B03C4262B02BA2600CD7FA7 /* AppDelegate.swift */ = {isa = PBXFileReference; lastKnownFileType = sourcecode.swift; path = AppDelegate.swift; sourceTree = "<group>"; };
		0B03C4282B02BA2600CD7FA7 /* SceneDelegate.swift */ = {isa = PBXFileReference; lastKnownFileType = sourcecode.swift; path = SceneDelegate.swift; sourceTree = "<group>"; };
		0B03C42A2B02BA2600CD7FA7 /* ViewController.swift */ = {isa = PBXFileReference; lastKnownFileType = sourcecode.swift; path = ViewController.swift; sourceTree = "<group>"; };
		0B03C42D2B02BA2600CD7FA7 /* Base */ = {isa = PBXFileReference; lastKnownFileType = file.storyboard; name = Base; path = Base.lproj/Main.storyboard; sourceTree = "<group>"; };
		0B03C42F2B02BA2800CD7FA7 /* Assets.xcassets */ = {isa = PBXFileReference; lastKnownFileType = folder.assetcatalog; path = Assets.xcassets; sourceTree = "<group>"; };
		0B03C4322B02BA2800CD7FA7 /* Base */ = {isa = PBXFileReference; lastKnownFileType = file.storyboard; name = Base; path = Base.lproj/LaunchScreen.storyboard; sourceTree = "<group>"; };
		0B03C4342B02BA2800CD7FA7 /* Info.plist */ = {isa = PBXFileReference; lastKnownFileType = text.plist.xml; path = Info.plist; sourceTree = "<group>"; };
		0B03C4392B02BA2800CD7FA7 /* IntroduceStudentTests.xctest */ = {isa = PBXFileReference; explicitFileType = wrapper.cfbundle; includeInIndex = 0; path = IntroduceStudentTests.xctest; sourceTree = BUILT_PRODUCTS_DIR; };
		0B03C43D2B02BA2800CD7FA7 /* IntroduceStudentTests.swift */ = {isa = PBXFileReference; lastKnownFileType = sourcecode.swift; path = IntroduceStudentTests.swift; sourceTree = "<group>"; };
		0B03C4432B02BA2800CD7FA7 /* IntroduceStudentUITests.xctest */ = {isa = PBXFileReference; explicitFileType = wrapper.cfbundle; includeInIndex = 0; path = IntroduceStudentUITests.xctest; sourceTree = BUILT_PRODUCTS_DIR; };
		0B03C4472B02BA2800CD7FA7 /* IntroduceStudentUITests.swift */ = {isa = PBXFileReference; lastKnownFileType = sourcecode.swift; path = IntroduceStudentUITests.swift; sourceTree = "<group>"; };
		0B03C4492B02BA2800CD7FA7 /* IntroduceStudentUITestsLaunchTests.swift */ = {isa = PBXFileReference; lastKnownFileType = sourcecode.swift; path = IntroduceStudentUITestsLaunchTests.swift; sourceTree = "<group>"; };
/* End PBXFileReference section */

/* Begin PBXFrameworksBuildPhase section */
		0B03C4202B02BA2600CD7FA7 /* Frameworks */ = {
			isa = PBXFrameworksBuildPhase;
			buildActionMask = 2147483647;
			files = (
			);
			runOnlyForDeploymentPostprocessing = 0;
		};
		0B03C4362B02BA2800CD7FA7 /* Frameworks */ = {
			isa = PBXFrameworksBuildPhase;
			buildActionMask = 2147483647;
			files = (
			);
			runOnlyForDeploymentPostprocessing = 0;
		};
		0B03C4402B02BA2800CD7FA7 /* Frameworks */ = {
			isa = PBXFrameworksBuildPhase;
			buildActionMask = 2147483647;
			files = (
			);
			runOnlyForDeploymentPostprocessing = 0;
		};
/* End PBXFrameworksBuildPhase section */

/* Begin PBXGroup section */
		0B03C41A2B02BA2600CD7FA7 = {
			isa = PBXGroup;
			children = (
				0B03C4252B02BA2600CD7FA7 /* IntroduceStudent */,
				0B03C43C2B02BA2800CD7FA7 /* IntroduceStudentTests */,
				0B03C4462B02BA2800CD7FA7 /* IntroduceStudentUITests */,
				0B03C4242B02BA2600CD7FA7 /* Products */,
			);
			sourceTree = "<group>";
		};
		0B03C4242B02BA2600CD7FA7 /* Products */ = {
			isa = PBXGroup;
			children = (
				0B03C4232B02BA2600CD7FA7 /* IntroduceStudent.app */,
				0B03C4392B02BA2800CD7FA7 /* IntroduceStudentTests.xctest */,
				0B03C4432B02BA2800CD7FA7 /* IntroduceStudentUITests.xctest */,
			);
			name = Products;
			sourceTree = "<group>";
		};
		0B03C4252B02BA2600CD7FA7 /* IntroduceStudent */ = {
			isa = PBXGroup;
			children = (
				0B03C4262B02BA2600CD7FA7 /* AppDelegate.swift */,
				0B03C4282B02BA2600CD7FA7 /* SceneDelegate.swift */,
				0B03C42A2B02BA2600CD7FA7 /* ViewController.swift */,
				0B03C42C2B02BA2600CD7FA7 /* Main.storyboard */,
				0B03C42F2B02BA2800CD7FA7 /* Assets.xcassets */,
				0B03C4312B02BA2800CD7FA7 /* LaunchScreen.storyboard */,
				0B03C4342B02BA2800CD7FA7 /* Info.plist */,
			);
			path = IntroduceStudent;
			sourceTree = "<group>";
		};
		0B03C43C2B02BA2800CD7FA7 /* IntroduceStudentTests */ = {
			isa = PBXGroup;
			children = (
				0B03C43D2B02BA2800CD7FA7 /* IntroduceStudentTests.swift */,
			);
			path = IntroduceStudentTests;
			sourceTree = "<group>";
		};
		0B03C4462B02BA2800CD7FA7 /* IntroduceStudentUITests */ = {
			isa = PBXGroup;
			children = (
				0B03C4472B02BA2800CD7FA7 /* IntroduceStudentUITests.swift */,
				0B03C4492B02BA2800CD7FA7 /* IntroduceStudentUITestsLaunchTests.swift */,
			);
			path = IntroduceStudentUITests;
			sourceTree = "<group>";
		};
/* End PBXGroup section */

/* Begin PBXNativeTarget section */
		0B03C4222B02BA2600CD7FA7 /* IntroduceStudent */ = {
			isa = PBXNativeTarget;
			buildConfigurationList = 0B03C44D2B02BA2800CD7FA7 /* Build configuration list for PBXNativeTarget "IntroduceStudent" */;
			buildPhases = (
				0B03C41F2B02BA2600CD7FA7 /* Sources */,
				0B03C4202B02BA2600CD7FA7 /* Frameworks */,
				0B03C4212B02BA2600CD7FA7 /* Resources */,
			);
			buildRules = (
			);
			dependencies = (
			);
			name = IntroduceStudent;
			productName = IntroduceStudent;
			productReference = 0B03C4232B02BA2600CD7FA7 /* IntroduceStudent.app */;
			productType = "com.apple.product-type.application";
		};
		0B03C4382B02BA2800CD7FA7 /* IntroduceStudentTests */ = {
			isa = PBXNativeTarget;
			buildConfigurationList = 0B03C4502B02BA2800CD7FA7 /* Build configuration list for PBXNativeTarget "IntroduceStudentTests" */;
			buildPhases = (
				0B03C4352B02BA2800CD7FA7 /* Sources */,
				0B03C4362B02BA2800CD7FA7 /* Frameworks */,
				0B03C4372B02BA2800CD7FA7 /* Resources */,
			);
			buildRules = (
			);
			dependencies = (
				0B03C43B2B02BA2800CD7FA7 /* PBXTargetDependency */,
			);
			name = IntroduceStudentTests;
			productName = IntroduceStudentTests;
			productReference = 0B03C4392B02BA2800CD7FA7 /* IntroduceStudentTests.xctest */;
			productType = "com.apple.product-type.bundle.unit-test";
		};
		0B03C4422B02BA2800CD7FA7 /* IntroduceStudentUITests */ = {
			isa = PBXNativeTarget;
			buildConfigurationList = 0B03C4532B02BA2800CD7FA7 /* Build configuration list for PBXNativeTarget "IntroduceStudentUITests" */;
			buildPhases = (
				0B03C43F2B02BA2800CD7FA7 /* Sources */,
				0B03C4402B02BA2800CD7FA7 /* Frameworks */,
				0B03C4412B02BA2800CD7FA7 /* Resources */,
			);
			buildRules = (
			);
			dependencies = (
				0B03C4452B02BA2800CD7FA7 /* PBXTargetDependency */,
			);
			name = IntroduceStudentUITests;
			productName = IntroduceStudentUITests;
			productReference = 0B03C4432B02BA2800CD7FA7 /* IntroduceStudentUITests.xctest */;
			productType = "com.apple.product-type.bundle.ui-testing";
		};
/* End PBXNativeTarget section */

/* Begin PBXProject section */
		0B03C41B2B02BA2600CD7FA7 /* Project object */ = {
			isa = PBXProject;
			attributes = {
				BuildIndependentTargetsInParallel = 1;
				LastSwiftUpdateCheck = 1500;
				LastUpgradeCheck = 1500;
				TargetAttributes = {
					0B03C4222B02BA2600CD7FA7 = {
						CreatedOnToolsVersion = 15.0.1;
					};
					0B03C4382B02BA2800CD7FA7 = {
						CreatedOnToolsVersion = 15.0.1;
						TestTargetID = 0B03C4222B02BA2600CD7FA7;
					};
					0B03C4422B02BA2800CD7FA7 = {
						CreatedOnToolsVersion = 15.0.1;
						TestTargetID = 0B03C4222B02BA2600CD7FA7;
					};
				};
			};
			buildConfigurationList = 0B03C41E2B02BA2600CD7FA7 /* Build configuration list for PBXProject "IntroduceStudent" */;
			compatibilityVersion = "Xcode 14.0";
			developmentRegion = en;
			hasScannedForEncodings = 0;
			knownRegions = (
				en,
				Base,
			);
			mainGroup = 0B03C41A2B02BA2600CD7FA7;
			productRefGroup = 0B03C4242B02BA2600CD7FA7 /* Products */;
			projectDirPath = "";
			projectRoot = "";
			targets = (
				0B03C4222B02BA2600CD7FA7 /* IntroduceStudent */,
				0B03C4382B02BA2800CD7FA7 /* IntroduceStudentTests */,
				0B03C4422B02BA2800CD7FA7 /* IntroduceStudentUITests */,
			);
		};
/* End PBXProject section */

/* Begin PBXResourcesBuildPhase section */
		0B03C4212B02BA2600CD7FA7 /* Resources */ = {
			isa = PBXResourcesBuildPhase;
			buildActionMask = 2147483647;
			files = (
				0B03C4332B02BA2800CD7FA7 /* LaunchScreen.storyboard in Resources */,
				0B03C4302B02BA2800CD7FA7 /* Assets.xcassets in Resources */,
				0B03C42E2B02BA2600CD7FA7 /* Main.storyboard in Resources */,
			);
			runOnlyForDeploymentPostprocessing = 0;
		};
		0B03C4372B02BA2800CD7FA7 /* Resources */ = {
			isa = PBXResourcesBuildPhase;
			buildActionMask = 2147483647;
			files = (
			);
			runOnlyForDeploymentPostprocessing = 0;
		};
		0B03C4412B02BA2800CD7FA7 /* Resources */ = {
			isa = PBXResourcesBuildPhase;
			buildActionMask = 2147483647;
			files = (
			);
			runOnlyForDeploymentPostprocessing = 0;
		};
/* End PBXResourcesBuildPhase section */

/* Begin PBXSourcesBuildPhase section */
		0B03C41F2B02BA2600CD7FA7 /* Sources */ = {
			isa = PBXSourcesBuildPhase;
			buildActionMask = 2147483647;
			files = (
				0B03C42B2B02BA2600CD7FA7 /* ViewController.swift in Sources */,
				0B03C4272B02BA2600CD7FA7 /* AppDelegate.swift in Sources */,
				0B03C4292B02BA2600CD7FA7 /* SceneDelegate.swift in Sources */,
			);
			runOnlyForDeploymentPostprocessing = 0;
		};
		0B03C4352B02BA2800CD7FA7 /* Sources */ = {
			isa = PBXSourcesBuildPhase;
			buildActionMask = 2147483647;
			files = (
				0B03C43E2B02BA2800CD7FA7 /* IntroduceStudentTests.swift in Sources */,
			);
			runOnlyForDeploymentPostprocessing = 0;
		};
		0B03C43F2B02BA2800CD7FA7 /* Sources */ = {
			isa = PBXSourcesBuildPhase;
			buildActionMask = 2147483647;
			files = (
				0B03C44A2B02BA2800CD7FA7 /* IntroduceStudentUITestsLaunchTests.swift in Sources */,
				0B03C4482B02BA2800CD7FA7 /* IntroduceStudentUITests.swift in Sources */,
			);
			runOnlyForDeploymentPostprocessing = 0;
		};
/* End PBXSourcesBuildPhase section */

/* Begin PBXTargetDependency section */
		0B03C43B2B02BA2800CD7FA7 /* PBXTargetDependency */ = {
			isa = PBXTargetDependency;
			target = 0B03C4222B02BA2600CD7FA7 /* IntroduceStudent */;
			targetProxy = 0B03C43A2B02BA2800CD7FA7 /* PBXContainerItemProxy */;
		};
		0B03C4452B02BA2800CD7FA7 /* PBXTargetDependency */ = {
			isa = PBXTargetDependency;
			target = 0B03C4222B02BA2600CD7FA7 /* IntroduceStudent */;
			targetProxy = 0B03C4442B02BA2800CD7FA7 /* PBXContainerItemProxy */;
		};
/* End PBXTargetDependency section */

/* Begin PBXVariantGroup section */
		0B03C42C2B02BA2600CD7FA7 /* Main.storyboard */ = {
			isa = PBXVariantGroup;
			children = (
				0B03C42D2B02BA2600CD7FA7 /* Base */,
			);
			name = Main.storyboard;
			sourceTree = "<group>";
		};
		0B03C4312B02BA2800CD7FA7 /* LaunchScreen.storyboard */ = {
			isa = PBXVariantGroup;
			children = (
				0B03C4322B02BA2800CD7FA7 /* Base */,
			);
			name = LaunchScreen.storyboard;
			sourceTree = "<group>";
		};
/* End PBXVariantGroup section */

/* Begin XCBuildConfiguration section */
		0B03C44B2B02BA2800CD7FA7 /* Debug */ = {
			isa = XCBuildConfiguration;
			buildSettings = {
				ALWAYS_SEARCH_USER_PATHS = NO;
				ASSETCATALOG_COMPILER_GENERATE_SWIFT_ASSET_SYMBOL_EXTENSIONS = YES;
				CLANG_ANALYZER_NONNULL = YES;
				CLANG_ANALYZER_NUMBER_OBJECT_CONVERSION = YES_AGGRESSIVE;
				CLANG_CXX_LANGUAGE_STANDARD = "gnu++20";
				CLANG_ENABLE_MODULES = YES;
				CLANG_ENABLE_OBJC_ARC = YES;
				CLANG_ENABLE_OBJC_WEAK = YES;
				CLANG_WARN_BLOCK_CAPTURE_AUTORELEASING = YES;
				CLANG_WARN_BOOL_CONVERSION = YES;
				CLANG_WARN_COMMA = YES;
				CLANG_WARN_CONSTANT_CONVERSION = YES;
				CLANG_WARN_DEPRECATED_OBJC_IMPLEMENTATIONS = YES;
				CLANG_WARN_DIRECT_OBJC_ISA_USAGE = YES_ERROR;
				CLANG_WARN_DOCUMENTATION_COMMENTS = YES;
				CLANG_WARN_EMPTY_BODY = YES;
				CLANG_WARN_ENUM_CONVERSION = YES;
				CLANG_WARN_INFINITE_RECURSION = YES;
				CLANG_WARN_INT_CONVERSION = YES;
				CLANG_WARN_NON_LITERAL_NULL_CONVERSION = YES;
				CLANG_WARN_OBJC_IMPLICIT_RETAIN_SELF = YES;
				CLANG_WARN_OBJC_LITERAL_CONVERSION = YES;
				CLANG_WARN_OBJC_ROOT_CLASS = YES_ERROR;
				CLANG_WARN_QUOTED_INCLUDE_IN_FRAMEWORK_HEADER = YES;
				CLANG_WARN_RANGE_LOOP_ANALYSIS = YES;
				CLANG_WARN_STRICT_PROTOTYPES = YES;
				CLANG_WARN_SUSPICIOUS_MOVE = YES;
				CLANG_WARN_UNGUARDED_AVAILABILITY = YES_AGGRESSIVE;
				CLANG_WARN_UNREACHABLE_CODE = YES;
				CLANG_WARN__DUPLICATE_METHOD_MATCH = YES;
				COPY_PHASE_STRIP = NO;
				DEBUG_INFORMATION_FORMAT = dwarf;
				ENABLE_STRICT_OBJC_MSGSEND = YES;
				ENABLE_TESTABILITY = YES;
				ENABLE_USER_SCRIPT_SANDBOXING = YES;
				GCC_C_LANGUAGE_STANDARD = gnu17;
				GCC_DYNAMIC_NO_PIC = NO;
				GCC_NO_COMMON_BLOCKS = YES;
				GCC_OPTIMIZATION_LEVEL = 0;
				GCC_PREPROCESSOR_DEFINITIONS = (
					"DEBUG=1",
					"$(inherited)",
				);
				GCC_WARN_64_TO_32_BIT_CONVERSION = YES;
				GCC_WARN_ABOUT_RETURN_TYPE = YES_ERROR;
				GCC_WARN_UNDECLARED_SELECTOR = YES;
				GCC_WARN_UNINITIALIZED_AUTOS = YES_AGGRESSIVE;
				GCC_WARN_UNUSED_FUNCTION = YES;
				GCC_WARN_UNUSED_VARIABLE = YES;
				IPHONEOS_DEPLOYMENT_TARGET = 17.0;
				LOCALIZATION_PREFERS_STRING_CATALOGS = YES;
				MTL_ENABLE_DEBUG_INFO = INCLUDE_SOURCE;
				MTL_FAST_MATH = YES;
				ONLY_ACTIVE_ARCH = YES;
				SDKROOT = iphoneos;
				SWIFT_ACTIVE_COMPILATION_CONDITIONS = "DEBUG $(inherited)";
				SWIFT_OPTIMIZATION_LEVEL = "-Onone";
			};
			name = Debug;
		};
		0B03C44C2B02BA2800CD7FA7 /* Release */ = {
			isa = XCBuildConfiguration;
			buildSettings = {
				ALWAYS_SEARCH_USER_PATHS = NO;
				ASSETCATALOG_COMPILER_GENERATE_SWIFT_ASSET_SYMBOL_EXTENSIONS = YES;
				CLANG_ANALYZER_NONNULL = YES;
				CLANG_ANALYZER_NUMBER_OBJECT_CONVERSION = YES_AGGRESSIVE;
				CLANG_CXX_LANGUAGE_STANDARD = "gnu++20";
				CLANG_ENABLE_MODULES = YES;
				CLANG_ENABLE_OBJC_ARC = YES;
				CLANG_ENABLE_OBJC_WEAK = YES;
				CLANG_WARN_BLOCK_CAPTURE_AUTORELEASING = YES;
				CLANG_WARN_BOOL_CONVERSION = YES;
				CLANG_WARN_COMMA = YES;
				CLANG_WARN_CONSTANT_CONVERSION = YES;
				CLANG_WARN_DEPRECATED_OBJC_IMPLEMENTATIONS = YES;
				CLANG_WARN_DIRECT_OBJC_ISA_USAGE = YES_ERROR;
				CLANG_WARN_DOCUMENTATION_COMMENTS = YES;
				CLANG_WARN_EMPTY_BODY = YES;
				CLANG_WARN_ENUM_CONVERSION = YES;
				CLANG_WARN_INFINITE_RECURSION = YES;
				CLANG_WARN_INT_CONVERSION = YES;
				CLANG_WARN_NON_LITERAL_NULL_CONVERSION = YES;
				CLANG_WARN_OBJC_IMPLICIT_RETAIN_SELF = YES;
				CLANG_WARN_OBJC_LITERAL_CONVERSION = YES;
				CLANG_WARN_OBJC_ROOT_CLASS = YES_ERROR;
				CLANG_WARN_QUOTED_INCLUDE_IN_FRAMEWORK_HEADER = YES;
				CLANG_WARN_RANGE_LOOP_ANALYSIS = YES;
				CLANG_WARN_STRICT_PROTOTYPES = YES;
				CLANG_WARN_SUSPICIOUS_MOVE = YES;
				CLANG_WARN_UNGUARDED_AVAILABILITY = YES_AGGRESSIVE;
				CLANG_WARN_UNREACHABLE_CODE = YES;
				CLANG_WARN__DUPLICATE_METHOD_MATCH = YES;
				COPY_PHASE_STRIP = NO;
				DEBUG_INFORMATION_FORMAT = "dwarf-with-dsym";
				ENABLE_NS_ASSERTIONS = NO;
				ENABLE_STRICT_OBJC_MSGSEND = YES;
				ENABLE_USER_SCRIPT_SANDBOXING = YES;
				GCC_C_LANGUAGE_STANDARD = gnu17;
				GCC_NO_COMMON_BLOCKS = YES;
				GCC_WARN_64_TO_32_BIT_CONVERSION = YES;
				GCC_WARN_ABOUT_RETURN_TYPE = YES_ERROR;
				GCC_WARN_UNDECLARED_SELECTOR = YES;
				GCC_WARN_UNINITIALIZED_AUTOS = YES_AGGRESSIVE;
				GCC_WARN_UNUSED_FUNCTION = YES;
				GCC_WARN_UNUSED_VARIABLE = YES;
				IPHONEOS_DEPLOYMENT_TARGET = 17.0;
				LOCALIZATION_PREFERS_STRING_CATALOGS = YES;
				MTL_ENABLE_DEBUG_INFO = NO;
				MTL_FAST_MATH = YES;
				SDKROOT = iphoneos;
				SWIFT_COMPILATION_MODE = wholemodule;
				VALIDATE_PRODUCT = YES;
			};
			name = Release;
		};
		0B03C44E2B02BA2800CD7FA7 /* Debug */ = {
			isa = XCBuildConfiguration;
			buildSettings = {
				ASSETCATALOG_COMPILER_APPICON_NAME = AppIcon;
				ASSETCATALOG_COMPILER_GLOBAL_ACCENT_COLOR_NAME = AccentColor;
				CODE_SIGN_STYLE = Automatic;
				CURRENT_PROJECT_VERSION = 1;
				GENERATE_INFOPLIST_FILE = YES;
				INFOPLIST_FILE = IntroduceStudent/Info.plist;
				INFOPLIST_KEY_UIApplicationSupportsIndirectInputEvents = YES;
				INFOPLIST_KEY_UILaunchStoryboardName = LaunchScreen;
				INFOPLIST_KEY_UIMainStoryboardFile = Main;
				INFOPLIST_KEY_UISupportedInterfaceOrientations_iPad = "UIInterfaceOrientationPortrait UIInterfaceOrientationPortraitUpsideDown UIInterfaceOrientationLandscapeLeft UIInterfaceOrientationLandscapeRight";
				INFOPLIST_KEY_UISupportedInterfaceOrientations_iPhone = "UIInterfaceOrientationPortrait UIInterfaceOrientationLandscapeLeft UIInterfaceOrientationLandscapeRight";
				LD_RUNPATH_SEARCH_PATHS = (
					"$(inherited)",
					"@executable_path/Frameworks",
				);
				MARKETING_VERSION = 1.0;
				PRODUCT_BUNDLE_IDENTIFIER = giddy.IntroduceStudent;
				PRODUCT_NAME = "$(TARGET_NAME)";
				SWIFT_EMIT_LOC_STRINGS = YES;
				SWIFT_VERSION = 5.0;
				TARGETED_DEVICE_FAMILY = "1,2";
			};
			name = Debug;
		};
		0B03C44F2B02BA2800CD7FA7 /* Release */ = {
			isa = XCBuildConfiguration;
			buildSettings = {
				ASSETCATALOG_COMPILER_APPICON_NAME = AppIcon;
				ASSETCATALOG_COMPILER_GLOBAL_ACCENT_COLOR_NAME = AccentColor;
				CODE_SIGN_STYLE = Automatic;
				CURRENT_PROJECT_VERSION = 1;
				GENERATE_INFOPLIST_FILE = YES;
				INFOPLIST_FILE = IntroduceStudent/Info.plist;
				INFOPLIST_KEY_UIApplicationSupportsIndirectInputEvents = YES;
				INFOPLIST_KEY_UILaunchStoryboardName = LaunchScreen;
				INFOPLIST_KEY_UIMainStoryboardFile = Main;
				INFOPLIST_KEY_UISupportedInterfaceOrientations_iPad = "UIInterfaceOrientationPortrait UIInterfaceOrientationPortraitUpsideDown UIInterfaceOrientationLandscapeLeft UIInterfaceOrientationLandscapeRight";
				INFOPLIST_KEY_UISupportedInterfaceOrientations_iPhone = "UIInterfaceOrientationPortrait UIInterfaceOrientationLandscapeLeft UIInterfaceOrientationLandscapeRight";
				LD_RUNPATH_SEARCH_PATHS = (
					"$(inherited)",
					"@executable_path/Frameworks",
				);
				MARKETING_VERSION = 1.0;
				PRODUCT_BUNDLE_IDENTIFIER = giddy.IntroduceStudent;
				PRODUCT_NAME = "$(TARGET_NAME)";
				SWIFT_EMIT_LOC_STRINGS = YES;
				SWIFT_VERSION = 5.0;
				TARGETED_DEVICE_FAMILY = "1,2";
			};
			name = Release;
		};
		0B03C4512B02BA2800CD7FA7 /* Debug */ = {
			isa = XCBuildConfiguration;
			buildSettings = {
				ALWAYS_EMBED_SWIFT_STANDARD_LIBRARIES = YES;
				BUNDLE_LOADER = "$(TEST_HOST)";
				CODE_SIGN_STYLE = Automatic;
				CURRENT_PROJECT_VERSION = 1;
				GENERATE_INFOPLIST_FILE = YES;
				IPHONEOS_DEPLOYMENT_TARGET = 17.0;
				MARKETING_VERSION = 1.0;
				PRODUCT_BUNDLE_IDENTIFIER = giddy.IntroduceStudentTests;
				PRODUCT_NAME = "$(TARGET_NAME)";
				SWIFT_EMIT_LOC_STRINGS = NO;
				SWIFT_VERSION = 5.0;
				TARGETED_DEVICE_FAMILY = "1,2";
				TEST_HOST = "$(BUILT_PRODUCTS_DIR)/IntroduceStudent.app/$(BUNDLE_EXECUTABLE_FOLDER_PATH)/IntroduceStudent";
			};
			name = Debug;
		};
		0B03C4522B02BA2800CD7FA7 /* Release */ = {
			isa = XCBuildConfiguration;
			buildSettings = {
				ALWAYS_EMBED_SWIFT_STANDARD_LIBRARIES = YES;
				BUNDLE_LOADER = "$(TEST_HOST)";
				CODE_SIGN_STYLE = Automatic;
				CURRENT_PROJECT_VERSION = 1;
				GENERATE_INFOPLIST_FILE = YES;
				IPHONEOS_DEPLOYMENT_TARGET = 17.0;
				MARKETING_VERSION = 1.0;
				PRODUCT_BUNDLE_IDENTIFIER = giddy.IntroduceStudentTests;
				PRODUCT_NAME = "$(TARGET_NAME)";
				SWIFT_EMIT_LOC_STRINGS = NO;
				SWIFT_VERSION = 5.0;
				TARGETED_DEVICE_FAMILY = "1,2";
				TEST_HOST = "$(BUILT_PRODUCTS_DIR)/IntroduceStudent.app/$(BUNDLE_EXECUTABLE_FOLDER_PATH)/IntroduceStudent";
			};
			name = Release;
		};
		0B03C4542B02BA2800CD7FA7 /* Debug */ = {
			isa = XCBuildConfiguration;
			buildSettings = {
				ALWAYS_EMBED_SWIFT_STANDARD_LIBRARIES = YES;
				CODE_SIGN_STYLE = Automatic;
				CURRENT_PROJECT_VERSION = 1;
				GENERATE_INFOPLIST_FILE = YES;
				MARKETING_VERSION = 1.0;
				PRODUCT_BUNDLE_IDENTIFIER = giddy.IntroduceStudentUITests;
				PRODUCT_NAME = "$(TARGET_NAME)";
				SWIFT_EMIT_LOC_STRINGS = NO;
				SWIFT_VERSION = 5.0;
				TARGETED_DEVICE_FAMILY = "1,2";
				TEST_TARGET_NAME = IntroduceStudent;
			};
			name = Debug;
		};
		0B03C4552B02BA2800CD7FA7 /* Release */ = {
			isa = XCBuildConfiguration;
			buildSettings = {
				ALWAYS_EMBED_SWIFT_STANDARD_LIBRARIES = YES;
				CODE_SIGN_STYLE = Automatic;
				CURRENT_PROJECT_VERSION = 1;
				GENERATE_INFOPLIST_FILE = YES;
				MARKETING_VERSION = 1.0;
				PRODUCT_BUNDLE_IDENTIFIER = giddy.IntroduceStudentUITests;
				PRODUCT_NAME = "$(TARGET_NAME)";
				SWIFT_EMIT_LOC_STRINGS = NO;
				SWIFT_VERSION = 5.0;
				TARGETED_DEVICE_FAMILY = "1,2";
				TEST_TARGET_NAME = IntroduceStudent;
			};
			name = Release;
		};
/* End XCBuildConfiguration section */

/* Begin XCConfigurationList section */
		0B03C41E2B02BA2600CD7FA7 /* Build configuration list for PBXProject "IntroduceStudent" */ = {
			isa = XCConfigurationList;
			buildConfigurations = (
				0B03C44B2B02BA2800CD7FA7 /* Debug */,
				0B03C44C2B02BA2800CD7FA7 /* Release */,
			);
			defaultConfigurationIsVisible = 0;
			defaultConfigurationName = Release;
		};
		0B03C44D2B02BA2800CD7FA7 /* Build configuration list for PBXNativeTarget "IntroduceStudent" */ = {
			isa = XCConfigurationList;
			buildConfigurations = (
				0B03C44E2B02BA2800CD7FA7 /* Debug */,
				0B03C44F2B02BA2800CD7FA7 /* Release */,
			);
			defaultConfigurationIsVisible = 0;
			defaultConfigurationName = Release;
		};
		0B03C4502B02BA2800CD7FA7 /* Build configuration list for PBXNativeTarget "IntroduceStudentTests" */ = {
			isa = XCConfigurationList;
			buildConfigurations = (
				0B03C4512B02BA2800CD7FA7 /* Debug */,
				0B03C4522B02BA2800CD7FA7 /* Release */,
			);
			defaultConfigurationIsVisible = 0;
			defaultConfigurationName = Release;
		};
		0B03C4532B02BA2800CD7FA7 /* Build configuration list for PBXNativeTarget "IntroduceStudentUITests" */ = {
			isa = XCConfigurationList;
			buildConfigurations = (
				0B03C4542B02BA2800CD7FA7 /* Debug */,
				0B03C4552B02BA2800CD7FA7 /* Release */,
			);
			defaultConfigurationIsVisible = 0;
			defaultConfigurationName = Release;
		};
/* End XCConfigurationList section */
	};
	rootObject = 0B03C41B2B02BA2600CD7FA7 /* Project object */;
}
